
Microsoft Visual Studio Solution File, Format Version 12.00
# Visual Studio Version 17
VisualStudioVersion = 17.9.34714.143
MinimumVisualStudioVersion = 10.0.40219.1
Project("{FAE04EC0-301F-11D3-BF4B-00C04F79EFBC}") = "Revit.SH.Study", "Revit.SH.Study\Revit.SH.Study.csproj", "{BBACFBC0-413C-4CB4-973A-C23B4932E5E9}"
EndProject
Global
	GlobalSection(SolutionConfigurationPlatforms) = preSolution
		Debug|Any CPU = Debug|Any CPU
		Release|Any CPU = Release|Any CPU
	EndGlobalSection
	GlobalSection(ProjectConfigurationPlatforms) = postSolution
		{BBACFBC0-413C-4CB4-973A-C23B4932E5E9}.Debug|Any CPU.ActiveCfg = Debug|Any CPU
		{BBACFBC0-413C-4CB4-973A-C23B4932E5E9}.Debug|Any CPU.Build.0 = Debug|Any CPU
		{BBACFBC0-413C-4CB4-973A-C23B4932E5E9}.Release|Any CPU.ActiveCfg = Release|Any CPU
		{BBACFBC0-413C-4CB4-973A-C23B4932E5E9}.Release|Any CPU.Build.0 = Release|Any CPU
	EndGlobalSection
	GlobalSection(SolutionProperties) = preSolution
		HideSolutionNode = FALSE
	EndGlobalSection
	GlobalSection(ExtensibilityGlobals) = postSolution
		SolutionGuid = {B31523BD-04D4-41C4-98F8-DFCAC78DBF99}
	EndGlobalSection
EndGlobal
